// !$*UTF8*$!
{
	archiveVersion = 1;
	classes = {
	};
	objectVersion = 56;
	objects = {

/* Begin PBXBuildFile section */
		D83D503229FB887E009C8A99 /* AppDelegate.swift in Sources */ = {isa = PBXBuildFile; fileRef = D83D503129FB887E009C8A99 /* AppDelegate.swift */; };
		D83D503429FB887E009C8A99 /* SceneDelegate.swift in Sources */ = {isa = PBXBuildFile; fileRef = D83D503329FB887E009C8A99 /* SceneDelegate.swift */; };
		D83D503629FB887E009C8A99 /* ViewController.swift in Sources */ = {isa = PBXBuildFile; fileRef = D83D503529FB887E009C8A99 /* ViewController.swift */; };
		D83D503929FB887E009C8A99 /* Main.storyboard in Resources */ = {isa = PBXBuildFile; fileRef = D83D503729FB887E009C8A99 /* Main.storyboard */; };
		D83D503B29FB887F009C8A99 /* Assets.xcassets in Resources */ = {isa = PBXBuildFile; fileRef = D83D503A29FB887F009C8A99 /* Assets.xcassets */; };
		D83D503E29FB887F009C8A99 /* LaunchScreen.storyboard in Resources */ = {isa = PBXBuildFile; fileRef = D83D503C29FB887F009C8A99 /* LaunchScreen.storyboard */; };
		D83D504929FB887F009C8A99 /* CallKitSampleTests.swift in Sources */ = {isa = PBXBuildFile; fileRef = D83D504829FB887F009C8A99 /* CallKitSampleTests.swift */; };
		D83D505329FB887F009C8A99 /* CallKitSampleUITests.swift in Sources */ = {isa = PBXBuildFile; fileRef = D83D505229FB887F009C8A99 /* CallKitSampleUITests.swift */; };
		D83D505529FB887F009C8A99 /* CallKitSampleUITestsLaunchTests.swift in Sources */ = {isa = PBXBuildFile; fileRef = D83D505429FB887F009C8A99 /* CallKitSampleUITestsLaunchTests.swift */; };
		D8944AD229FBA4F1004C253B /* CallCenter.swift in Sources */ = {isa = PBXBuildFile; fileRef = D8944AD129FBA4F1004C253B /* CallCenter.swift */; };
/* End PBXBuildFile section */

/* Begin PBXContainerItemProxy section */
		D83D504529FB887F009C8A99 /* PBXContainerItemProxy */ = {
			isa = PBXContainerItemProxy;
			containerPortal = D83D502629FB887E009C8A99 /* Project object */;
			proxyType = 1;
			remoteGlobalIDString = D83D502D29FB887E009C8A99;
			remoteInfo = CallKitSample;
		};
		D83D504F29FB887F009C8A99 /* PBXContainerItemProxy */ = {
			isa = PBXContainerItemProxy;
			containerPortal = D83D502629FB887E009C8A99 /* Project object */;
			proxyType = 1;
			remoteGlobalIDString = D83D502D29FB887E009C8A99;
			remoteInfo = CallKitSample;
		};
/* End PBXContainerItemProxy section */

/* Begin PBXFileReference section */
		D83D502E29FB887E009C8A99 /* CallKitSample.app */ = {isa = PBXFileReference; explicitFileType = wrapper.application; includeInIndex = 0; path = CallKitSample.app; sourceTree = BUILT_PRODUCTS_DIR; };
		D83D503129FB887E009C8A99 /* AppDelegate.swift */ = {isa = PBXFileReference; lastKnownFileType = sourcecode.swift; path = AppDelegate.swift; sourceTree = "<group>"; };
		D83D503329FB887E009C8A99 /* SceneDelegate.swift */ = {isa = PBXFileReference; lastKnownFileType = sourcecode.swift; path = SceneDelegate.swift; sourceTree = "<group>"; };
		D83D503529FB887E009C8A99 /* ViewController.swift */ = {isa = PBXFileReference; lastKnownFileType = sourcecode.swift; path = ViewController.swift; sourceTree = "<group>"; };
		D83D503829FB887E009C8A99 /* Base */ = {isa = PBXFileReference; lastKnownFileType = file.storyboard; name = Base; path = Base.lproj/Main.storyboard; sourceTree = "<group>"; };
		D83D503A29FB887F009C8A99 /* Assets.xcassets */ = {isa = PBXFileReference; lastKnownFileType = folder.assetcatalog; path = Assets.xcassets; sourceTree = "<group>"; };
		D83D503D29FB887F009C8A99 /* Base */ = {isa = PBXFileReference; lastKnownFileType = file.storyboard; name = Base; path = Base.lproj/LaunchScreen.storyboard; sourceTree = "<group>"; };
		D83D503F29FB887F009C8A99 /* Info.plist */ = {isa = PBXFileReference; lastKnownFileType = text.plist.xml; path = Info.plist; sourceTree = "<group>"; };
		D83D504429FB887F009C8A99 /* CallKitSampleTests.xctest */ = {isa = PBXFileReference; explicitFileType = wrapper.cfbundle; includeInIndex = 0; path = CallKitSampleTests.xctest; sourceTree = BUILT_PRODUCTS_DIR; };
		D83D504829FB887F009C8A99 /* CallKitSampleTests.swift */ = {isa = PBXFileReference; lastKnownFileType = sourcecode.swift; path = CallKitSampleTests.swift; sourceTree = "<group>"; };
		D83D504E29FB887F009C8A99 /* CallKitSampleUITests.xctest */ = {isa = PBXFileReference; explicitFileType = wrapper.cfbundle; includeInIndex = 0; path = CallKitSampleUITests.xctest; sourceTree = BUILT_PRODUCTS_DIR; };
		D83D505229FB887F009C8A99 /* CallKitSampleUITests.swift */ = {isa = PBXFileReference; lastKnownFileType = sourcecode.swift; path = CallKitSampleUITests.swift; sourceTree = "<group>"; };
		D83D505429FB887F009C8A99 /* CallKitSampleUITestsLaunchTests.swift */ = {isa = PBXFileReference; lastKnownFileType = sourcecode.swift; path = CallKitSampleUITestsLaunchTests.swift; sourceTree = "<group>"; };
		D8944AD129FBA4F1004C253B /* CallCenter.swift */ = {isa = PBXFileReference; lastKnownFileType = sourcecode.swift; path = CallCenter.swift; sourceTree = "<group>"; };
/* End PBXFileReference section */

/* Begin PBXFrameworksBuildPhase section */
		D83D502B29FB887E009C8A99 /* Frameworks */ = {
			isa = PBXFrameworksBuildPhase;
			buildActionMask = 2147483647;
			files = (
			);
			runOnlyForDeploymentPostprocessing = 0;
		};
		D83D504129FB887F009C8A99 /* Frameworks */ = {
			isa = PBXFrameworksBuildPhase;
			buildActionMask = 2147483647;
			files = (
			);
			runOnlyForDeploymentPostprocessing = 0;
		};
		D83D504B29FB887F009C8A99 /* Frameworks */ = {
			isa = PBXFrameworksBuildPhase;
			buildActionMask = 2147483647;
			files = (
			);
			runOnlyForDeploymentPostprocessing = 0;
		};
/* End PBXFrameworksBuildPhase section */

/* Begin PBXGroup section */
		D83D502529FB887E009C8A99 = {
			isa = PBXGroup;
			children = (
				D83D503029FB887E009C8A99 /* CallKitSample */,
				D83D504729FB887F009C8A99 /* CallKitSampleTests */,
				D83D505129FB887F009C8A99 /* CallKitSampleUITests */,
				D83D502F29FB887E009C8A99 /* Products */,
			);
			sourceTree = "<group>";
		};
		D83D502F29FB887E009C8A99 /* Products */ = {
			isa = PBXGroup;
			children = (
				D83D502E29FB887E009C8A99 /* CallKitSample.app */,
				D83D504429FB887F009C8A99 /* CallKitSampleTests.xctest */,
				D83D504E29FB887F009C8A99 /* CallKitSampleUITests.xctest */,
			);
			name = Products;
			sourceTree = "<group>";
		};
		D83D503029FB887E009C8A99 /* CallKitSample */ = {
			isa = PBXGroup;
			children = (
				D83D503129FB887E009C8A99 /* AppDelegate.swift */,
				D83D503329FB887E009C8A99 /* SceneDelegate.swift */,
				D83D503529FB887E009C8A99 /* ViewController.swift */,
				D8944AD129FBA4F1004C253B /* CallCenter.swift */,
				D83D503729FB887E009C8A99 /* Main.storyboard */,
				D83D503A29FB887F009C8A99 /* Assets.xcassets */,
				D83D503C29FB887F009C8A99 /* LaunchScreen.storyboard */,
				D83D503F29FB887F009C8A99 /* Info.plist */,
			);
			path = CallKitSample;
			sourceTree = "<group>";
		};
		D83D504729FB887F009C8A99 /* CallKitSampleTests */ = {
			isa = PBXGroup;
			children = (
				D83D504829FB887F009C8A99 /* CallKitSampleTests.swift */,
			);
			path = CallKitSampleTests;
			sourceTree = "<group>";
		};
		D83D505129FB887F009C8A99 /* CallKitSampleUITests */ = {
			isa = PBXGroup;
			children = (
				D83D505229FB887F009C8A99 /* CallKitSampleUITests.swift */,
				D83D505429FB887F009C8A99 /* CallKitSampleUITestsLaunchTests.swift */,
			);
			path = CallKitSampleUITests;
			sourceTree = "<group>";
		};
/* End PBXGroup section */

/* Begin PBXNativeTarget section */
		D83D502D29FB887E009C8A99 /* CallKitSample */ = {
			isa = PBXNativeTarget;
			buildConfigurationList = D83D505829FB887F009C8A99 /* Build configuration list for PBXNativeTarget "CallKitSample" */;
			buildPhases = (
				D83D502A29FB887E009C8A99 /* Sources */,
				D83D502B29FB887E009C8A99 /* Frameworks */,
				D83D502C29FB887E009C8A99 /* Resources */,
			);
			buildRules = (
			);
			dependencies = (
			);
			name = CallKitSample;
			productName = CallKitSample;
			productReference = D83D502E29FB887E009C8A99 /* CallKitSample.app */;
			productType = "com.apple.product-type.application";
		};
		D83D504329FB887F009C8A99 /* CallKitSampleTests */ = {
			isa = PBXNativeTarget;
			buildConfigurationList = D83D505B29FB887F009C8A99 /* Build configuration list for PBXNativeTarget "CallKitSampleTests" */;
			buildPhases = (
				D83D504029FB887F009C8A99 /* Sources */,
				D83D504129FB887F009C8A99 /* Frameworks */,
				D83D504229FB887F009C8A99 /* Resources */,
			);
			buildRules = (
			);
			dependencies = (
				D83D504629FB887F009C8A99 /* PBXTargetDependency */,
			);
			name = CallKitSampleTests;
			productName = CallKitSampleTests;
			productReference = D83D504429FB887F009C8A99 /* CallKitSampleTests.xctest */;
			productType = "com.apple.product-type.bundle.unit-test";
		};
		D83D504D29FB887F009C8A99 /* CallKitSampleUITests */ = {
			isa = PBXNativeTarget;
			buildConfigurationList = D83D505E29FB887F009C8A99 /* Build configuration list for PBXNativeTarget "CallKitSampleUITests" */;
			buildPhases = (
				D83D504A29FB887F009C8A99 /* Sources */,
				D83D504B29FB887F009C8A99 /* Frameworks */,
				D83D504C29FB887F009C8A99 /* Resources */,
			);
			buildRules = (
			);
			dependencies = (
				D83D505029FB887F009C8A99 /* PBXTargetDependency */,
			);
			name = CallKitSampleUITests;
			productName = CallKitSampleUITests;
			productReference = D83D504E29FB887F009C8A99 /* CallKitSampleUITests.xctest */;
			productType = "com.apple.product-type.bundle.ui-testing";
		};
/* End PBXNativeTarget section */

/* Begin PBXProject section */
		D83D502629FB887E009C8A99 /* Project object */ = {
			isa = PBXProject;
			attributes = {
				BuildIndependentTargetsInParallel = 1;
				LastSwiftUpdateCheck = 1430;
				LastUpgradeCheck = 1430;
				TargetAttributes = {
					D83D502D29FB887E009C8A99 = {
						CreatedOnToolsVersion = 14.3;
					};
					D83D504329FB887F009C8A99 = {
						CreatedOnToolsVersion = 14.3;
						TestTargetID = D83D502D29FB887E009C8A99;
					};
					D83D504D29FB887F009C8A99 = {
						CreatedOnToolsVersion = 14.3;
						TestTargetID = D83D502D29FB887E009C8A99;
					};
				};
			};
			buildConfigurationList = D83D502929FB887E009C8A99 /* Build configuration list for PBXProject "CallKitSample" */;
			compatibilityVersion = "Xcode 14.0";
			developmentRegion = en;
			hasScannedForEncodings = 0;
			knownRegions = (
				en,
				Base,
			);
			mainGroup = D83D502529FB887E009C8A99;
			productRefGroup = D83D502F29FB887E009C8A99 /* Products */;
			projectDirPath = "";
			projectRoot = "";
			targets = (
				D83D502D29FB887E009C8A99 /* CallKitSample */,
				D83D504329FB887F009C8A99 /* CallKitSampleTests */,
				D83D504D29FB887F009C8A99 /* CallKitSampleUITests */,
			);
		};
/* End PBXProject section */

/* Begin PBXResourcesBuildPhase section */
		D83D502C29FB887E009C8A99 /* Resources */ = {
			isa = PBXResourcesBuildPhase;
			buildActionMask = 2147483647;
			files = (
				D83D503E29FB887F009C8A99 /* LaunchScreen.storyboard in Resources */,
				D83D503B29FB887F009C8A99 /* Assets.xcassets in Resources */,
				D83D503929FB887E009C8A99 /* Main.storyboard in Resources */,
			);
			runOnlyForDeploymentPostprocessing = 0;
		};
		D83D504229FB887F009C8A99 /* Resources */ = {
			isa = PBXResourcesBuildPhase;
			buildActionMask = 2147483647;
			files = (
			);
			runOnlyForDeploymentPostprocessing = 0;
		};
		D83D504C29FB887F009C8A99 /* Resources */ = {
			isa = PBXResourcesBuildPhase;
			buildActionMask = 2147483647;
			files = (
			);
			runOnlyForDeploymentPostprocessing = 0;
		};
/* End PBXResourcesBuildPhase section */

/* Begin PBXSourcesBuildPhase section */
		D83D502A29FB887E009C8A99 /* Sources */ = {
			isa = PBXSourcesBuildPhase;
			buildActionMask = 2147483647;
			files = (
				D8944AD229FBA4F1004C253B /* CallCenter.swift in Sources */,
				D83D503629FB887E009C8A99 /* ViewController.swift in Sources */,
				D83D503229FB887E009C8A99 /* AppDelegate.swift in Sources */,
				D83D503429FB887E009C8A99 /* SceneDelegate.swift in Sources */,
			);
			runOnlyForDeploymentPostprocessing = 0;
		};
		D83D504029FB887F009C8A99 /* Sources */ = {
			isa = PBXSourcesBuildPhase;
			buildActionMask = 2147483647;
			files = (
				D83D504929FB887F009C8A99 /* CallKitSampleTests.swift in Sources */,
			);
			runOnlyForDeploymentPostprocessing = 0;
		};
		D83D504A29FB887F009C8A99 /* Sources */ = {
			isa = PBXSourcesBuildPhase;
			buildActionMask = 2147483647;
			files = (
				D83D505329FB887F009C8A99 /* CallKitSampleUITests.swift in Sources */,
				D83D505529FB887F009C8A99 /* CallKitSampleUITestsLaunchTests.swift in Sources */,
			);
			runOnlyForDeploymentPostprocessing = 0;
		};
/* End PBXSourcesBuildPhase section */

/* Begin PBXTargetDependency section */
		D83D504629FB887F009C8A99 /* PBXTargetDependency */ = {
			isa = PBXTargetDependency;
			target = D83D502D29FB887E009C8A99 /* CallKitSample */;
			targetProxy = D83D504529FB887F009C8A99 /* PBXContainerItemProxy */;
		};
		D83D505029FB887F009C8A99 /* PBXTargetDependency */ = {
			isa = PBXTargetDependency;
			target = D83D502D29FB887E009C8A99 /* CallKitSample */;
			targetProxy = D83D504F29FB887F009C8A99 /* PBXContainerItemProxy */;
		};
/* End PBXTargetDependency section */

/* Begin PBXVariantGroup section */
		D83D503729FB887E009C8A99 /* Main.storyboard */ = {
			isa = PBXVariantGroup;
			children = (
				D83D503829FB887E009C8A99 /* Base */,
			);
			name = Main.storyboard;
			sourceTree = "<group>";
		};
		D83D503C29FB887F009C8A99 /* LaunchScreen.storyboard */ = {
			isa = PBXVariantGroup;
			children = (
				D83D503D29FB887F009C8A99 /* Base */,
			);
			name = LaunchScreen.storyboard;
			sourceTree = "<group>";
		};
/* End PBXVariantGroup section */

/* Begin XCBuildConfiguration section */
		D83D505629FB887F009C8A99 /* Debug */ = {
			isa = XCBuildConfiguration;
			buildSettings = {
				ALWAYS_SEARCH_USER_PATHS = NO;
				CLANG_ANALYZER_NONNULL = YES;
				CLANG_ANALYZER_NUMBER_OBJECT_CONVERSION = YES_AGGRESSIVE;
				CLANG_CXX_LANGUAGE_STANDARD = "gnu++20";
				CLANG_ENABLE_MODULES = YES;
				CLANG_ENABLE_OBJC_ARC = YES;
				CLANG_ENABLE_OBJC_WEAK = YES;
				CLANG_WARN_BLOCK_CAPTURE_AUTORELEASING = YES;
				CLANG_WARN_BOOL_CONVERSION = YES;
				CLANG_WARN_COMMA = YES;
				CLANG_WARN_CONSTANT_CONVERSION = YES;
				CLANG_WARN_DEPRECATED_OBJC_IMPLEMENTATIONS = YES;
				CLANG_WARN_DIRECT_OBJC_ISA_USAGE = YES_ERROR;
				CLANG_WARN_DOCUMENTATION_COMMENTS = YES;
				CLANG_WARN_EMPTY_BODY = YES;
				CLANG_WARN_ENUM_CONVERSION = YES;
				CLANG_WARN_INFINITE_RECURSION = YES;
				CLANG_WARN_INT_CONVERSION = YES;
				CLANG_WARN_NON_LITERAL_NULL_CONVERSION = YES;
				CLANG_WARN_OBJC_IMPLICIT_RETAIN_SELF = YES;
				CLANG_WARN_OBJC_LITERAL_CONVERSION = YES;
				CLANG_WARN_OBJC_ROOT_CLASS = YES_ERROR;
				CLANG_WARN_QUOTED_INCLUDE_IN_FRAMEWORK_HEADER = YES;
				CLANG_WARN_RANGE_LOOP_ANALYSIS = YES;
				CLANG_WARN_STRICT_PROTOTYPES = YES;
				CLANG_WARN_SUSPICIOUS_MOVE = YES;
				CLANG_WARN_UNGUARDED_AVAILABILITY = YES_AGGRESSIVE;
				CLANG_WARN_UNREACHABLE_CODE = YES;
				CLANG_WARN__DUPLICATE_METHOD_MATCH = YES;
				COPY_PHASE_STRIP = NO;
				DEBUG_INFORMATION_FORMAT = dwarf;
				ENABLE_STRICT_OBJC_MSGSEND = YES;
				ENABLE_TESTABILITY = YES;
				GCC_C_LANGUAGE_STANDARD = gnu11;
				GCC_DYNAMIC_NO_PIC = NO;
				GCC_NO_COMMON_BLOCKS = YES;
				GCC_OPTIMIZATION_LEVEL = 0;
				GCC_PREPROCESSOR_DEFINITIONS = (
					"DEBUG=1",
					"$(inherited)",
				);
				GCC_WARN_64_TO_32_BIT_CONVERSION = YES;
				GCC_WARN_ABOUT_RETURN_TYPE = YES_ERROR;
				GCC_WARN_UNDECLARED_SELECTOR = YES;
				GCC_WARN_UNINITIALIZED_AUTOS = YES_AGGRESSIVE;
				GCC_WARN_UNUSED_FUNCTION = YES;
				GCC_WARN_UNUSED_VARIABLE = YES;
				IPHONEOS_DEPLOYMENT_TARGET = 16.4;
				MTL_ENABLE_DEBUG_INFO = INCLUDE_SOURCE;
				MTL_FAST_MATH = YES;
				ONLY_ACTIVE_ARCH = YES;
				SDKROOT = iphoneos;
				SWIFT_ACTIVE_COMPILATION_CONDITIONS = DEBUG;
				SWIFT_OPTIMIZATION_LEVEL = "-Onone";
			};
			name = Debug;
		};
		D83D505729FB887F009C8A99 /* Release */ = {
			isa = XCBuildConfiguration;
			buildSettings = {
				ALWAYS_SEARCH_USER_PATHS = NO;
				CLANG_ANALYZER_NONNULL = YES;
				CLANG_ANALYZER_NUMBER_OBJECT_CONVERSION = YES_AGGRESSIVE;
				CLANG_CXX_LANGUAGE_STANDARD = "gnu++20";
				CLANG_ENABLE_MODULES = YES;
				CLANG_ENABLE_OBJC_ARC = YES;
				CLANG_ENABLE_OBJC_WEAK = YES;
				CLANG_WARN_BLOCK_CAPTURE_AUTORELEASING = YES;
				CLANG_WARN_BOOL_CONVERSION = YES;
				CLANG_WARN_COMMA = YES;
				CLANG_WARN_CONSTANT_CONVERSION = YES;
				CLANG_WARN_DEPRECATED_OBJC_IMPLEMENTATIONS = YES;
				CLANG_WARN_DIRECT_OBJC_ISA_USAGE = YES_ERROR;
				CLANG_WARN_DOCUMENTATION_COMMENTS = YES;
				CLANG_WARN_EMPTY_BODY = YES;
				CLANG_WARN_ENUM_CONVERSION = YES;
				CLANG_WARN_INFINITE_RECURSION = YES;
				CLANG_WARN_INT_CONVERSION = YES;
				CLANG_WARN_NON_LITERAL_NULL_CONVERSION = YES;
				CLANG_WARN_OBJC_IMPLICIT_RETAIN_SELF = YES;
				CLANG_WARN_OBJC_LITERAL_CONVERSION = YES;
				CLANG_WARN_OBJC_ROOT_CLASS = YES_ERROR;
				CLANG_WARN_QUOTED_INCLUDE_IN_FRAMEWORK_HEADER = YES;
				CLANG_WARN_RANGE_LOOP_ANALYSIS = YES;
				CLANG_WARN_STRICT_PROTOTYPES = YES;
				CLANG_WARN_SUSPICIOUS_MOVE = YES;
				CLANG_WARN_UNGUARDED_AVAILABILITY = YES_AGGRESSIVE;
				CLANG_WARN_UNREACHABLE_CODE = YES;
				CLANG_WARN__DUPLICATE_METHOD_MATCH = YES;
				COPY_PHASE_STRIP = NO;
				DEBUG_INFORMATION_FORMAT = "dwarf-with-dsym";
				ENABLE_NS_ASSERTIONS = NO;
				ENABLE_STRICT_OBJC_MSGSEND = YES;
				GCC_C_LANGUAGE_STANDARD = gnu11;
				GCC_NO_COMMON_BLOCKS = YES;
				GCC_WARN_64_TO_32_BIT_CONVERSION = YES;
				GCC_WARN_ABOUT_RETURN_TYPE = YES_ERROR;
				GCC_WARN_UNDECLARED_SELECTOR = YES;
				GCC_WARN_UNINITIALIZED_AUTOS = YES_AGGRESSIVE;
				GCC_WARN_UNUSED_FUNCTION = YES;
				GCC_WARN_UNUSED_VARIABLE = YES;
				IPHONEOS_DEPLOYMENT_TARGET = 16.4;
				MTL_ENABLE_DEBUG_INFO = NO;
				MTL_FAST_MATH = YES;
				SDKROOT = iphoneos;
				SWIFT_COMPILATION_MODE = wholemodule;
				SWIFT_OPTIMIZATION_LEVEL = "-O";
				VALIDATE_PRODUCT = YES;
			};
			name = Release;
		};
		D83D505929FB887F009C8A99 /* Debug */ = {
			isa = XCBuildConfiguration;
			buildSettings = {
				ASSETCATALOG_COMPILER_APPICON_NAME = AppIcon;
				ASSETCATALOG_COMPILER_GLOBAL_ACCENT_COLOR_NAME = AccentColor;
				CODE_SIGN_STYLE = Automatic;
				CURRENT_PROJECT_VERSION = 1;
				DEVELOPMENT_TEAM = ZXZ96723Y7;
				GENERATE_INFOPLIST_FILE = YES;
				INFOPLIST_FILE = CallKitSample/Info.plist;
				INFOPLIST_KEY_NSCameraUsageDescription = "カメラを使用します";
				INFOPLIST_KEY_NSMicrophoneUsageDescription = "マイクを使用します";
				INFOPLIST_KEY_UIApplicationSupportsIndirectInputEvents = YES;
				INFOPLIST_KEY_UILaunchStoryboardName = LaunchScreen;
				INFOPLIST_KEY_UIMainStoryboardFile = Main;
				INFOPLIST_KEY_UISupportedInterfaceOrientations = UIInterfaceOrientationPortrait;
				INFOPLIST_KEY_UISupportedInterfaceOrientations_iPad = "UIInterfaceOrientationLandscapeLeft UIInterfaceOrientationLandscapeRight UIInterfaceOrientationPortrait UIInterfaceOrientationPortraitUpsideDown";
				LD_RUNPATH_SEARCH_PATHS = (
					"$(inherited)",
					"@executable_path/Frameworks",
				);
				MARKETING_VERSION = 1.0;
				PRODUCT_BUNDLE_IDENTIFIER = "com.ken-sasaki.CallKitSample";
				PRODUCT_NAME = "$(TARGET_NAME)";
				SWIFT_EMIT_LOC_STRINGS = YES;
				SWIFT_VERSION = 5.0;
				TARGETED_DEVICE_FAMILY = "1,2";
			};
			name = Debug;
		};
		D83D505A29FB887F009C8A99 /* Release */ = {
			isa = XCBuildConfiguration;
			buildSettings = {
				ASSETCATALOG_COMPILER_APPICON_NAME = AppIcon;
				ASSETCATALOG_COMPILER_GLOBAL_ACCENT_COLOR_NAME = AccentColor;
				CODE_SIGN_STYLE = Automatic;
				CURRENT_PROJECT_VERSION = 1;
				DEVELOPMENT_TEAM = ZXZ96723Y7;
				GENERATE_INFOPLIST_FILE = YES;
				INFOPLIST_FILE = CallKitSample/Info.plist;
				INFOPLIST_KEY_NSCameraUsageDescription = "カメラを使用します";
				INFOPLIST_KEY_NSMicrophoneUsageDescription = "マイクを使用します";
				INFOPLIST_KEY_UIApplicationSupportsIndirectInputEvents = YES;
				INFOPLIST_KEY_UILaunchStoryboardName = LaunchScreen;
				INFOPLIST_KEY_UIMainStoryboardFile = Main;
				INFOPLIST_KEY_UISupportedInterfaceOrientations = UIInterfaceOrientationPortrait;
				INFOPLIST_KEY_UISupportedInterfaceOrientations_iPad = "UIInterfaceOrientationLandscapeLeft UIInterfaceOrientationLandscapeRight UIInterfaceOrientationPortrait UIInterfaceOrientationPortraitUpsideDown";
				LD_RUNPATH_SEARCH_PATHS = (
					"$(inherited)",
					"@executable_path/Frameworks",
				);
				MARKETING_VERSION = 1.0;
				PRODUCT_BUNDLE_IDENTIFIER = "com.ken-sasaki.CallKitSample";
				PRODUCT_NAME = "$(TARGET_NAME)";
				SWIFT_EMIT_LOC_STRINGS = YES;
				SWIFT_VERSION = 5.0;
				TARGETED_DEVICE_FAMILY = "1,2";
			};
			name = Release;
		};
		D83D505C29FB887F009C8A99 /* Debug */ = {
			isa = XCBuildConfiguration;
			buildSettings = {
				ALWAYS_EMBED_SWIFT_STANDARD_LIBRARIES = YES;
				BUNDLE_LOADER = "$(TEST_HOST)";
				CODE_SIGN_STYLE = Automatic;
				CURRENT_PROJECT_VERSION = 1;
				DEVELOPMENT_TEAM = ZXZ96723Y7;
				GENERATE_INFOPLIST_FILE = YES;
				IPHONEOS_DEPLOYMENT_TARGET = 16.4;
				MARKETING_VERSION = 1.0;
				PRODUCT_BUNDLE_IDENTIFIER = "com.ken-sasaki.CallKitSampleTests";
				PRODUCT_NAME = "$(TARGET_NAME)";
				SWIFT_EMIT_LOC_STRINGS = NO;
				SWIFT_VERSION = 5.0;
				TARGETED_DEVICE_FAMILY = "1,2";
				TEST_HOST = "$(BUILT_PRODUCTS_DIR)/CallKitSample.app/$(BUNDLE_EXECUTABLE_FOLDER_PATH)/CallKitSample";
			};
			name = Debug;
		};
		D83D505D29FB887F009C8A99 /* Release */ = {
			isa = XCBuildConfiguration;
			buildSettings = {
				ALWAYS_EMBED_SWIFT_STANDARD_LIBRARIES = YES;
				BUNDLE_LOADER = "$(TEST_HOST)";
				CODE_SIGN_STYLE = Automatic;
				CURRENT_PROJECT_VERSION = 1;
				DEVELOPMENT_TEAM = ZXZ96723Y7;
				GENERATE_INFOPLIST_FILE = YES;
				IPHONEOS_DEPLOYMENT_TARGET = 16.4;
				MARKETING_VERSION = 1.0;
				PRODUCT_BUNDLE_IDENTIFIER = "com.ken-sasaki.CallKitSampleTests";
				PRODUCT_NAME = "$(TARGET_NAME)";
				SWIFT_EMIT_LOC_STRINGS = NO;
				SWIFT_VERSION = 5.0;
				TARGETED_DEVICE_FAMILY = "1,2";
				TEST_HOST = "$(BUILT_PRODUCTS_DIR)/CallKitSample.app/$(BUNDLE_EXECUTABLE_FOLDER_PATH)/CallKitSample";
			};
			name = Release;
		};
		D83D505F29FB887F009C8A99 /* Debug */ = {
			isa = XCBuildConfiguration;
			buildSettings = {
				ALWAYS_EMBED_SWIFT_STANDARD_LIBRARIES = YES;
				CODE_SIGN_STYLE = Automatic;
				CURRENT_PROJECT_VERSION = 1;
				DEVELOPMENT_TEAM = ZXZ96723Y7;
				GENERATE_INFOPLIST_FILE = YES;
				MARKETING_VERSION = 1.0;
				PRODUCT_BUNDLE_IDENTIFIER = "com.ken-sasaki.CallKitSampleUITests";
				PRODUCT_NAME = "$(TARGET_NAME)";
				SWIFT_EMIT_LOC_STRINGS = NO;
				SWIFT_VERSION = 5.0;
				TARGETED_DEVICE_FAMILY = "1,2";
				TEST_TARGET_NAME = CallKitSample;
			};
			name = Debug;
		};
		D83D506029FB887F009C8A99 /* Release */ = {
			isa = XCBuildConfiguration;
			buildSettings = {
				ALWAYS_EMBED_SWIFT_STANDARD_LIBRARIES = YES;
				CODE_SIGN_STYLE = Automatic;
				CURRENT_PROJECT_VERSION = 1;
				DEVELOPMENT_TEAM = ZXZ96723Y7;
				GENERATE_INFOPLIST_FILE = YES;
				MARKETING_VERSION = 1.0;
				PRODUCT_BUNDLE_IDENTIFIER = "com.ken-sasaki.CallKitSampleUITests";
				PRODUCT_NAME = "$(TARGET_NAME)";
				SWIFT_EMIT_LOC_STRINGS = NO;
				SWIFT_VERSION = 5.0;
				TARGETED_DEVICE_FAMILY = "1,2";
				TEST_TARGET_NAME = CallKitSample;
			};
			name = Release;
		};
/* End XCBuildConfiguration section */

/* Begin XCConfigurationList section */
		D83D502929FB887E009C8A99 /* Build configuration list for PBXProject "CallKitSample" */ = {
			isa = XCConfigurationList;
			buildConfigurations = (
				D83D505629FB887F009C8A99 /* Debug */,
				D83D505729FB887F009C8A99 /* Release */,
			);
			defaultConfigurationIsVisible = 0;
			defaultConfigurationName = Release;
		};
		D83D505829FB887F009C8A99 /* Build configuration list for PBXNativeTarget "CallKitSample" */ = {
			isa = XCConfigurationList;
			buildConfigurations = (
				D83D505929FB887F009C8A99 /* Debug */,
				D83D505A29FB887F009C8A99 /* Release */,
			);
			defaultConfigurationIsVisible = 0;
			defaultConfigurationName = Release;
		};
		D83D505B29FB887F009C8A99 /* Build configuration list for PBXNativeTarget "CallKitSampleTests" */ = {
			isa = XCConfigurationList;
			buildConfigurations = (
				D83D505C29FB887F009C8A99 /* Debug */,
				D83D505D29FB887F009C8A99 /* Release */,
			);
			defaultConfigurationIsVisible = 0;
			defaultConfigurationName = Release;
		};
		D83D505E29FB887F009C8A99 /* Build configuration list for PBXNativeTarget "CallKitSampleUITests" */ = {
			isa = XCConfigurationList;
			buildConfigurations = (
				D83D505F29FB887F009C8A99 /* Debug */,
				D83D506029FB887F009C8A99 /* Release */,
			);
			defaultConfigurationIsVisible = 0;
			defaultConfigurationName = Release;
		};
/* End XCConfigurationList section */
	};
	rootObject = D83D502629FB887E009C8A99 /* Project object */;
}
